# @generated by Move, please check-in and do not edit manually.

[move]
version = 3
manifest_digest = "007403E0213AA9166F76014B4B65FE7F1CB5CED4CAD69AED63AB34541CFA1593"
deps_digest = "E3B0C44298FC1C149AFBF4C8996FB92427AE41E4649B934CA495991B7852B855"

[[move.package]]
id = "Bridge"
source = { git = "https://github.com/MystenLabs/sui.git", rev = "c1f1ae650fb9f9248b39a569400b4420820868db", subdir = "crates/sui-framework/packages/bridge" }

dependencies = [
  { id = "MoveStdlib", name = "MoveStdlib" },
  { id = "Sui", name = "Sui" },
  { id = "SuiSystem", name = "SuiSystem" },
]

[[move.package]]
id = "MoveStdlib"
source = { git = "https://github.com/MystenLabs/sui.git", rev = "c1f1ae650fb9f9248b39a569400b4420820868db", subdir = "crates/sui-framework/packages/move-stdlib" }

[[move.package]]
id = "Sui"
source = { git = "https://github.com/MystenLabs/sui.git", rev = "c1f1ae650fb9f9248b39a569400b4420820868db", subdir = "crates/sui-framework/packages/sui-framework" }

dependencies = [
  { id = "MoveStdlib", name = "MoveStdlib" },
]

[[move.package]]
id = "SuiSystem"
source = { git = "https://github.com/MystenLabs/sui.git", rev = "c1f1ae650fb9f9248b39a569400b4420820868db", subdir = "crates/sui-framework/packages/sui-system" }

dependencies = [
  { id = "MoveStdlib", name = "MoveStdlib" },
  { id = "Sui", name = "Sui" },
]

[move.toolchain-version]
compiler-version = "1.42.0"
edition = "2024"
flavor = "sui"
